{
  "name": "ring-intercom",
  "lockfileVersion": 3,
  "requires": true,
  "packages": {
    "": {
      "dependencies": {
        "hash-password": "^0.1.1"
      }
    },
    "node_modules/hash-password": {
      "version": "0.1.1",
      "resolved": "https://registry.npmjs.org/hash-password/-/hash-password-0.1.1.tgz",
      "integrity": "sha512-KruZDU7pp8FyS6gHRgFWLWhdE2zLJ+0ngFXNHsBmxxJLWmfgttd9Y4EXPWLXQg4GnsjUyFRcXDEGXEhruKSGcw=="
    }
  }
}
